
Microsoft Visual Studio Solution File, Format Version 12.00
# Visual Studio Version 17
VisualStudioVersion = 17.1.32210.238
MinimumVisualStudioVersion = 10.0.40219.1
Project("{FAE04EC0-301F-11D3-BF4B-00C04F79EFBC}") = "Boboiboy", "Boboiboy.csproj", "{9E2B4AE9-62BF-4CF4-887C-E82CDF269AC6}"
EndProject
Global
	GlobalSection(SolutionConfigurationPlatforms) = preSolution
		Debug|Any CPU = Debug|Any CPU
		Release|Any CPU = Release|Any CPU
	EndGlobalSection
	GlobalSection(ProjectConfigurationPlatforms) = postSolution
		{9E2B4AE9-62BF-4CF4-887C-E82CDF269AC6}.Debug|Any CPU.ActiveCfg = Debug|Any CPU
		{9E2B4AE9-62BF-4CF4-887C-E82CDF269AC6}.Debug|Any CPU.Build.0 = Debug|Any CPU
		{9E2B4AE9-62BF-4CF4-887C-E82CDF269AC6}.Release|Any CPU.ActiveCfg = Release|Any CPU
		{9E2B4AE9-62BF-4CF4-887C-E82CDF269AC6}.Release|Any CPU.Build.0 = Release|Any CPU
	EndGlobalSection
	GlobalSection(SolutionProperties) = preSolution
		HideSolutionNode = FALSE
	EndGlobalSection
	GlobalSection(ExtensibilityGlobals) = postSolution
		SolutionGuid = {476C760C-8C55-4AEB-84AF-B28F1F939CDD}
	EndGlobalSection
EndGlobal
